
Microsoft Visual Studio Solution File, Format Version 12.00
# Visual Studio Version 16
VisualStudioVersion = 16.0.31205.134
MinimumVisualStudioVersion = 10.0.40219.1
Project("{FAE04EC0-301F-11D3-BF4B-00C04F79EFBC}") = "Practice_13", "Practice_13\Practice_13.csproj", "{34C518B9-A55B-446E-AAFC-A8C0B3AE1391}"
EndProject
Global
	GlobalSection(SolutionConfigurationPlatforms) = preSolution
		Debug|Any CPU = Debug|Any CPU
		Release|Any CPU = Release|Any CPU
	EndGlobalSection
	GlobalSection(ProjectConfigurationPlatforms) = postSolution
		{34C518B9-A55B-446E-AAFC-A8C0B3AE1391}.Debug|Any CPU.ActiveCfg = Debug|Any CPU
		{34C518B9-A55B-446E-AAFC-A8C0B3AE1391}.Debug|Any CPU.Build.0 = Debug|Any CPU
		{34C518B9-A55B-446E-AAFC-A8C0B3AE1391}.Release|Any CPU.ActiveCfg = Release|Any CPU
		{34C518B9-A55B-446E-AAFC-A8C0B3AE1391}.Release|Any CPU.Build.0 = Release|Any CPU
	EndGlobalSection
	GlobalSection(SolutionProperties) = preSolution
		HideSolutionNode = FALSE
	EndGlobalSection
	GlobalSection(ExtensibilityGlobals) = postSolution
		SolutionGuid = {2228D04F-0E6F-4504-93DD-CD0E122104C2}
	EndGlobalSection
EndGlobal
